Microsoft Visual Studio Solution File, Format Version 11.00
# Visual Studio 2008

Project("{45A236D2-B9E7-FA3C-CF25-70B50B1B9ABE}") = "Remember", "Assembly-CSharp-firstpass.csproj", "{A2CB76AA-18A9-1B62-AF66-6BA60730BDA6}"
EndProject
Project("{45A236D2-B9E7-FA3C-CF25-70B50B1B9ABE}") = "Remember", "Assembly-CSharp.csproj", "{0084FCE9-7E77-A699-20A2-C08C2788AB75}"
EndProject
Project("{45A236D2-B9E7-FA3C-CF25-70B50B1B9ABE}") = "Remember", "Assembly-CSharp-Editor.csproj", "{222B89BE-EC6D-54B8-DD9E-2B6BA12AFDA5}"
EndProject
Global
	GlobalSection(SolutionConfigurationPlatforms) = preSolution
		Debug|Any CPU = Debug|Any CPU
		Release|Any CPU = Release|Any CPU
	EndGlobalSection
	GlobalSection(ProjectConfigurationPlatforms) = postSolution
		{A2CB76AA-18A9-1B62-AF66-6BA60730BDA6}.Debug|Any CPU.ActiveCfg = Debug|Any CPU
		{A2CB76AA-18A9-1B62-AF66-6BA60730BDA6}.Debug|Any CPU.Build.0 = Debug|Any CPU
		{A2CB76AA-18A9-1B62-AF66-6BA60730BDA6}.Release|Any CPU.ActiveCfg = Release|Any CPU
		{A2CB76AA-18A9-1B62-AF66-6BA60730BDA6}.Release|Any CPU.Build.0 = Release|Any CPU
		{0084FCE9-7E77-A699-20A2-C08C2788AB75}.Debug|Any CPU.ActiveCfg = Debug|Any CPU
		{0084FCE9-7E77-A699-20A2-C08C2788AB75}.Debug|Any CPU.Build.0 = Debug|Any CPU
		{0084FCE9-7E77-A699-20A2-C08C2788AB75}.Release|Any CPU.ActiveCfg = Release|Any CPU
		{0084FCE9-7E77-A699-20A2-C08C2788AB75}.Release|Any CPU.Build.0 = Release|Any CPU
		{222B89BE-EC6D-54B8-DD9E-2B6BA12AFDA5}.Debug|Any CPU.ActiveCfg = Debug|Any CPU
		{222B89BE-EC6D-54B8-DD9E-2B6BA12AFDA5}.Debug|Any CPU.Build.0 = Debug|Any CPU
		{222B89BE-EC6D-54B8-DD9E-2B6BA12AFDA5}.Release|Any CPU.ActiveCfg = Release|Any CPU
		{222B89BE-EC6D-54B8-DD9E-2B6BA12AFDA5}.Release|Any CPU.Build.0 = Release|Any CPU
	EndGlobalSection
	GlobalSection(SolutionProperties) = preSolution
		HideSolutionNode = FALSE
	EndGlobalSection
	GlobalSection(MonoDevelopProperties) = preSolution
		StartupItem = Assembly-CSharp.csproj
	EndGlobalSection
EndGlobal
