
Microsoft Visual Studio Solution File, Format Version 12.00
# Visual Studio 2015
Project("{FAE04EC0-301F-11D3-BF4B-00C04F79EFBC}") = "Remember.CSharp.Plugins", "Remember.CSharp.Plugins.csproj", "{9C69A2FB-FFF9-8690-4B14-746B7E11720F}"
EndProject
Project("{FAE04EC0-301F-11D3-BF4B-00C04F79EFBC}") = "Remember.CSharp", "Remember.CSharp.csproj", "{967EB2DA-376E-C230-BD13-943B810E1AC9}"
EndProject
Project("{FAE04EC0-301F-11D3-BF4B-00C04F79EFBC}") = "Remember.CSharp.Editor", "Remember.CSharp.Editor.csproj", "{FEDA33A7-7DF5-5AB7-B9EB-D265C51865C3}"
EndProject
Global
	GlobalSection(SolutionConfigurationPlatforms) = preSolution
		Debug|Any CPU = Debug|Any CPU
		Release|Any CPU = Release|Any CPU
	EndGlobalSection
	GlobalSection(ProjectConfigurationPlatforms) = postSolution
		{9C69A2FB-FFF9-8690-4B14-746B7E11720F}.Debug|Any CPU.ActiveCfg = Debug|Any CPU
		{9C69A2FB-FFF9-8690-4B14-746B7E11720F}.Debug|Any CPU.Build.0 = Debug|Any CPU
		{9C69A2FB-FFF9-8690-4B14-746B7E11720F}.Release|Any CPU.ActiveCfg = Release|Any CPU
		{9C69A2FB-FFF9-8690-4B14-746B7E11720F}.Release|Any CPU.Build.0 = Release|Any CPU
		{967EB2DA-376E-C230-BD13-943B810E1AC9}.Debug|Any CPU.ActiveCfg = Debug|Any CPU
		{967EB2DA-376E-C230-BD13-943B810E1AC9}.Debug|Any CPU.Build.0 = Debug|Any CPU
		{967EB2DA-376E-C230-BD13-943B810E1AC9}.Release|Any CPU.ActiveCfg = Release|Any CPU
		{967EB2DA-376E-C230-BD13-943B810E1AC9}.Release|Any CPU.Build.0 = Release|Any CPU
		{FEDA33A7-7DF5-5AB7-B9EB-D265C51865C3}.Debug|Any CPU.ActiveCfg = Debug|Any CPU
		{FEDA33A7-7DF5-5AB7-B9EB-D265C51865C3}.Debug|Any CPU.Build.0 = Debug|Any CPU
		{FEDA33A7-7DF5-5AB7-B9EB-D265C51865C3}.Release|Any CPU.ActiveCfg = Release|Any CPU
		{FEDA33A7-7DF5-5AB7-B9EB-D265C51865C3}.Release|Any CPU.Build.0 = Release|Any CPU
	EndGlobalSection
	GlobalSection(SolutionProperties) = preSolution
		HideSolutionNode = FALSE
	EndGlobalSection
EndGlobal
