
Microsoft Visual Studio Solution File, Format Version 12.00
# Visual Studio 2015
Project("{FAE04EC0-301F-11D3-BF4B-00C04F79EFBC}") = "Inner Workings.Plugins", "Inner Workings.Plugins.csproj", "{AFF46F71-733E-BA71-6823-4BFF76A79C5C}"
EndProject
Project("{FAE04EC0-301F-11D3-BF4B-00C04F79EFBC}") = "Inner Workings", "Inner Workings.csproj", "{E6ED20DF-96C5-353B-4628-D4A20E9BB0D9}"
EndProject
Project("{FAE04EC0-301F-11D3-BF4B-00C04F79EFBC}") = "Inner Workings.Editor.Plugins", "Inner Workings.Editor.Plugins.csproj", "{B950F692-5EF0-8F8C-505F-39C49566932C}"
EndProject
Global
	GlobalSection(SolutionConfigurationPlatforms) = preSolution
		Debug|Any CPU = Debug|Any CPU
		Release|Any CPU = Release|Any CPU
	EndGlobalSection
	GlobalSection(ProjectConfigurationPlatforms) = postSolution
		{AFF46F71-733E-BA71-6823-4BFF76A79C5C}.Debug|Any CPU.ActiveCfg = Debug|Any CPU
		{AFF46F71-733E-BA71-6823-4BFF76A79C5C}.Debug|Any CPU.Build.0 = Debug|Any CPU
		{AFF46F71-733E-BA71-6823-4BFF76A79C5C}.Release|Any CPU.ActiveCfg = Release|Any CPU
		{AFF46F71-733E-BA71-6823-4BFF76A79C5C}.Release|Any CPU.Build.0 = Release|Any CPU
		{E6ED20DF-96C5-353B-4628-D4A20E9BB0D9}.Debug|Any CPU.ActiveCfg = Debug|Any CPU
		{E6ED20DF-96C5-353B-4628-D4A20E9BB0D9}.Debug|Any CPU.Build.0 = Debug|Any CPU
		{E6ED20DF-96C5-353B-4628-D4A20E9BB0D9}.Release|Any CPU.ActiveCfg = Release|Any CPU
		{E6ED20DF-96C5-353B-4628-D4A20E9BB0D9}.Release|Any CPU.Build.0 = Release|Any CPU
		{B950F692-5EF0-8F8C-505F-39C49566932C}.Debug|Any CPU.ActiveCfg = Debug|Any CPU
		{B950F692-5EF0-8F8C-505F-39C49566932C}.Debug|Any CPU.Build.0 = Debug|Any CPU
		{B950F692-5EF0-8F8C-505F-39C49566932C}.Release|Any CPU.ActiveCfg = Release|Any CPU
		{B950F692-5EF0-8F8C-505F-39C49566932C}.Release|Any CPU.Build.0 = Release|Any CPU
	EndGlobalSection
	GlobalSection(SolutionProperties) = preSolution
		HideSolutionNode = FALSE
	EndGlobalSection
EndGlobal
